// !$*UTF8*$!
{
	archiveVersion = 1;
	classes = {
	};
	objectVersion = 51;
	objects = {

/* Begin PBXBuildFile section */
		B149032C21A468D500285ED7 /* AppDelegate.m in Sources */ = {isa = PBXBuildFile; fileRef = B149032B21A468D500285ED7 /* AppDelegate.m */; };
		B149032F21A468D500285ED7 /* ViewController.m in Sources */ = {isa = PBXBuildFile; fileRef = B149032E21A468D500285ED7 /* ViewController.m */; };
		B149033221A468D500285ED7 /* Main.storyboard in Resources */ = {isa = PBXBuildFile; fileRef = B149033021A468D500285ED7 /* Main.storyboard */; };
		B149033421A468D600285ED7 /* Assets.xcassets in Resources */ = {isa = PBXBuildFile; fileRef = B149033321A468D600285ED7 /* Assets.xcassets */; };
		B149033721A468D600285ED7 /* LaunchScreen.storyboard in Resources */ = {isa = PBXBuildFile; fileRef = B149033521A468D600285ED7 /* LaunchScreen.storyboard */; };
		B149033A21A468D600285ED7 /* main.m in Sources */ = {isa = PBXBuildFile; fileRef = B149033921A468D600285ED7 /* main.m */; };
		B149034421A468D600285ED7 /* ios_startup_guideTests.m in Sources */ = {isa = PBXBuildFile; fileRef = B149034321A468D600285ED7 /* ios_startup_guideTests.m */; };
		B149034F21A468D600285ED7 /* ios_startup_guideUITests.m in Sources */ = {isa = PBXBuildFile; fileRef = B149034E21A468D600285ED7 /* ios_startup_guideUITests.m */; };
/* End PBXBuildFile section */

/* Begin PBXContainerItemProxy section */
		B149034021A468D600285ED7 /* PBXContainerItemProxy */ = {
			isa = PBXContainerItemProxy;
			containerPortal = B149031F21A468D500285ED7 /* Project object */;
			proxyType = 1;
			remoteGlobalIDString = B149032621A468D500285ED7;
			remoteInfo = "ios-startup-guide";
		};
		B149034B21A468D600285ED7 /* PBXContainerItemProxy */ = {
			isa = PBXContainerItemProxy;
			containerPortal = B149031F21A468D500285ED7 /* Project object */;
			proxyType = 1;
			remoteGlobalIDString = B149032621A468D500285ED7;
			remoteInfo = "ios-startup-guide";
		};
/* End PBXContainerItemProxy section */

/* Begin PBXFileReference section */
		B149032721A468D500285ED7 /* ios-startup-guide.app */ = {isa = PBXFileReference; explicitFileType = wrapper.application; includeInIndex = 0; path = "ios-startup-guide.app"; sourceTree = BUILT_PRODUCTS_DIR; };
		B149032A21A468D500285ED7 /* AppDelegate.h */ = {isa = PBXFileReference; lastKnownFileType = sourcecode.c.h; path = AppDelegate.h; sourceTree = "<group>"; };
		B149032B21A468D500285ED7 /* AppDelegate.m */ = {isa = PBXFileReference; lastKnownFileType = sourcecode.c.objc; path = AppDelegate.m; sourceTree = "<group>"; };
		B149032D21A468D500285ED7 /* ViewController.h */ = {isa = PBXFileReference; lastKnownFileType = sourcecode.c.h; path = ViewController.h; sourceTree = "<group>"; };
		B149032E21A468D500285ED7 /* ViewController.m */ = {isa = PBXFileReference; lastKnownFileType = sourcecode.c.objc; path = ViewController.m; sourceTree = "<group>"; };
		B149033121A468D500285ED7 /* Base */ = {isa = PBXFileReference; lastKnownFileType = file.storyboard; name = Base; path = Base.lproj/Main.storyboard; sourceTree = "<group>"; };
		B149033321A468D600285ED7 /* Assets.xcassets */ = {isa = PBXFileReference; lastKnownFileType = folder.assetcatalog; path = Assets.xcassets; sourceTree = "<group>"; };
		B149033621A468D600285ED7 /* Base */ = {isa = PBXFileReference; lastKnownFileType = file.storyboard; name = Base; path = Base.lproj/LaunchScreen.storyboard; sourceTree = "<group>"; };
		B149033821A468D600285ED7 /* Info.plist */ = {isa = PBXFileReference; lastKnownFileType = text.plist.xml; path = Info.plist; sourceTree = "<group>"; };
		B149033921A468D600285ED7 /* main.m */ = {isa = PBXFileReference; lastKnownFileType = sourcecode.c.objc; path = main.m; sourceTree = "<group>"; };
		B149033F21A468D600285ED7 /* ios-startup-guideTests.xctest */ = {isa = PBXFileReference; explicitFileType = wrapper.cfbundle; includeInIndex = 0; path = "ios-startup-guideTests.xctest"; sourceTree = BUILT_PRODUCTS_DIR; };
		B149034321A468D600285ED7 /* ios_startup_guideTests.m */ = {isa = PBXFileReference; lastKnownFileType = sourcecode.c.objc; path = ios_startup_guideTests.m; sourceTree = "<group>"; };
		B149034521A468D600285ED7 /* Info.plist */ = {isa = PBXFileReference; lastKnownFileType = text.plist.xml; path = Info.plist; sourceTree = "<group>"; };
		B149034A21A468D600285ED7 /* ios-startup-guideUITests.xctest */ = {isa = PBXFileReference; explicitFileType = wrapper.cfbundle; includeInIndex = 0; path = "ios-startup-guideUITests.xctest"; sourceTree = BUILT_PRODUCTS_DIR; };
		B149034E21A468D600285ED7 /* ios_startup_guideUITests.m */ = {isa = PBXFileReference; lastKnownFileType = sourcecode.c.objc; path = ios_startup_guideUITests.m; sourceTree = "<group>"; };
		B149035021A468D600285ED7 /* Info.plist */ = {isa = PBXFileReference; lastKnownFileType = text.plist.xml; path = Info.plist; sourceTree = "<group>"; };
		B149037521A47B9900285ED7 /* Global.xcconfig */ = {isa = PBXFileReference; lastKnownFileType = text.xcconfig; path = Global.xcconfig; sourceTree = "<group>"; };
		B149037621A47BAB00285ED7 /* Debug.xcconfig */ = {isa = PBXFileReference; lastKnownFileType = text.xcconfig; path = Debug.xcconfig; sourceTree = "<group>"; };
		B149037721A47BBB00285ED7 /* Test.xcconfig */ = {isa = PBXFileReference; lastKnownFileType = text.xcconfig; path = Test.xcconfig; sourceTree = "<group>"; };
		B149037921A47BF400285ED7 /* Stage.xcconfig */ = {isa = PBXFileReference; lastKnownFileType = text.xcconfig; path = Stage.xcconfig; sourceTree = "<group>"; };
		B149037A21A47BFE00285ED7 /* Release.xcconfig */ = {isa = PBXFileReference; lastKnownFileType = text.xcconfig; path = Release.xcconfig; sourceTree = "<group>"; };
/* End PBXFileReference section */

/* Begin PBXFrameworksBuildPhase section */
		B149032421A468D500285ED7 /* Frameworks */ = {
			isa = PBXFrameworksBuildPhase;
			buildActionMask = 2147483647;
			files = (
			);
			runOnlyForDeploymentPostprocessing = 0;
		};
		B149033C21A468D600285ED7 /* Frameworks */ = {
			isa = PBXFrameworksBuildPhase;
			buildActionMask = 2147483647;
			files = (
			);
			runOnlyForDeploymentPostprocessing = 0;
		};
		B149034721A468D600285ED7 /* Frameworks */ = {
			isa = PBXFrameworksBuildPhase;
			buildActionMask = 2147483647;
			files = (
			);
			runOnlyForDeploymentPostprocessing = 0;
		};
/* End PBXFrameworksBuildPhase section */

/* Begin PBXGroup section */
		B149031E21A468D500285ED7 = {
			isa = PBXGroup;
			children = (
				B149037421A47AFB00285ED7 /* Config */,
				B149032921A468D500285ED7 /* ios-startup-guide */,
				B149034221A468D600285ED7 /* ios-startup-guideTests */,
				B149034D21A468D600285ED7 /* ios-startup-guideUITests */,
				B149032821A468D500285ED7 /* Products */,
			);
			sourceTree = "<group>";
		};
		B149032821A468D500285ED7 /* Products */ = {
			isa = PBXGroup;
			children = (
				B149032721A468D500285ED7 /* ios-startup-guide.app */,
				B149033F21A468D600285ED7 /* ios-startup-guideTests.xctest */,
				B149034A21A468D600285ED7 /* ios-startup-guideUITests.xctest */,
			);
			name = Products;
			sourceTree = "<group>";
		};
		B149032921A468D500285ED7 /* ios-startup-guide */ = {
			isa = PBXGroup;
			children = (
				B149032A21A468D500285ED7 /* AppDelegate.h */,
				B149032B21A468D500285ED7 /* AppDelegate.m */,
				B149032D21A468D500285ED7 /* ViewController.h */,
				B149032E21A468D500285ED7 /* ViewController.m */,
				B149033021A468D500285ED7 /* Main.storyboard */,
				B149033321A468D600285ED7 /* Assets.xcassets */,
				B149033521A468D600285ED7 /* LaunchScreen.storyboard */,
				B149033821A468D600285ED7 /* Info.plist */,
				B149033921A468D600285ED7 /* main.m */,
			);
			path = "ios-startup-guide";
			sourceTree = "<group>";
		};
		B149034221A468D600285ED7 /* ios-startup-guideTests */ = {
			isa = PBXGroup;
			children = (
				B149034321A468D600285ED7 /* ios_startup_guideTests.m */,
				B149034521A468D600285ED7 /* Info.plist */,
			);
			path = "ios-startup-guideTests";
			sourceTree = "<group>";
		};
		B149034D21A468D600285ED7 /* ios-startup-guideUITests */ = {
			isa = PBXGroup;
			children = (
				B149034E21A468D600285ED7 /* ios_startup_guideUITests.m */,
				B149035021A468D600285ED7 /* Info.plist */,
			);
			path = "ios-startup-guideUITests";
			sourceTree = "<group>";
		};
		B149037421A47AFB00285ED7 /* Config */ = {
			isa = PBXGroup;
			children = (
				B149037521A47B9900285ED7 /* Global.xcconfig */,
				B149037621A47BAB00285ED7 /* Debug.xcconfig */,
				B149037721A47BBB00285ED7 /* Test.xcconfig */,
				B149037921A47BF400285ED7 /* Stage.xcconfig */,
				B149037A21A47BFE00285ED7 /* Release.xcconfig */,
			);
			path = Config;
			sourceTree = "<group>";
		};
/* End PBXGroup section */

/* Begin PBXNativeTarget section */
		B149032621A468D500285ED7 /* ios-startup-guide */ = {
			isa = PBXNativeTarget;
			buildConfigurationList = B149035321A468D600285ED7 /* Build configuration list for PBXNativeTarget "ios-startup-guide" */;
			buildPhases = (
				B149032321A468D500285ED7 /* Sources */,
				B149032421A468D500285ED7 /* Frameworks */,
				B149032521A468D500285ED7 /* Resources */,
			);
			buildRules = (
			);
			dependencies = (
			);
			name = "ios-startup-guide";
			productName = "ios-startup-guide";
			productReference = B149032721A468D500285ED7 /* ios-startup-guide.app */;
			productType = "com.apple.product-type.application";
		};
		B149033E21A468D600285ED7 /* ios-startup-guideTests */ = {
			isa = PBXNativeTarget;
			buildConfigurationList = B149035621A468D600285ED7 /* Build configuration list for PBXNativeTarget "ios-startup-guideTests" */;
			buildPhases = (
				B149033B21A468D600285ED7 /* Sources */,
				B149033C21A468D600285ED7 /* Frameworks */,
				B149033D21A468D600285ED7 /* Resources */,
			);
			buildRules = (
			);
			dependencies = (
				B149034121A468D600285ED7 /* PBXTargetDependency */,
			);
			name = "ios-startup-guideTests";
			productName = "ios-startup-guideTests";
			productReference = B149033F21A468D600285ED7 /* ios-startup-guideTests.xctest */;
			productType = "com.apple.product-type.bundle.unit-test";
		};
		B149034921A468D600285ED7 /* ios-startup-guideUITests */ = {
			isa = PBXNativeTarget;
			buildConfigurationList = B149035921A468D600285ED7 /* Build configuration list for PBXNativeTarget "ios-startup-guideUITests" */;
			buildPhases = (
				B149034621A468D600285ED7 /* Sources */,
				B149034721A468D600285ED7 /* Frameworks */,
				B149034821A468D600285ED7 /* Resources */,
			);
			buildRules = (
			);
			dependencies = (
				B149034C21A468D600285ED7 /* PBXTargetDependency */,
			);
			name = "ios-startup-guideUITests";
			productName = "ios-startup-guideUITests";
			productReference = B149034A21A468D600285ED7 /* ios-startup-guideUITests.xctest */;
			productType = "com.apple.product-type.bundle.ui-testing";
		};
/* End PBXNativeTarget section */

/* Begin PBXProject section */
		B149031F21A468D500285ED7 /* Project object */ = {
			isa = PBXProject;
			attributes = {
				CLASSPREFIX = Startup;
				LastUpgradeCheck = 1010;
				ORGANIZATIONNAME = "Nicholas Hughes";
				TargetAttributes = {
					B149032621A468D500285ED7 = {
						CreatedOnToolsVersion = 10.1;
					};
					B149033E21A468D600285ED7 = {
						CreatedOnToolsVersion = 10.1;
						TestTargetID = B149032621A468D500285ED7;
					};
					B149034921A468D600285ED7 = {
						CreatedOnToolsVersion = 10.1;
						TestTargetID = B149032621A468D500285ED7;
					};
				};
			};
			buildConfigurationList = B149032221A468D500285ED7 /* Build configuration list for PBXProject "ios-startup-guide" */;
			compatibilityVersion = "Xcode 10.0";
			developmentRegion = en;
			hasScannedForEncodings = 0;
			knownRegions = (
				en,
				Base,
			);
			mainGroup = B149031E21A468D500285ED7;
			productRefGroup = B149032821A468D500285ED7 /* Products */;
			projectDirPath = "";
			projectRoot = "";
			targets = (
				B149032621A468D500285ED7 /* ios-startup-guide */,
				B149033E21A468D600285ED7 /* ios-startup-guideTests */,
				B149034921A468D600285ED7 /* ios-startup-guideUITests */,
			);
		};
/* End PBXProject section */

/* Begin PBXResourcesBuildPhase section */
		B149032521A468D500285ED7 /* Resources */ = {
			isa = PBXResourcesBuildPhase;
			buildActionMask = 2147483647;
			files = (
				B149033721A468D600285ED7 /* LaunchScreen.storyboard in Resources */,
				B149033421A468D600285ED7 /* Assets.xcassets in Resources */,
				B149033221A468D500285ED7 /* Main.storyboard in Resources */,
			);
			runOnlyForDeploymentPostprocessing = 0;
		};
		B149033D21A468D600285ED7 /* Resources */ = {
			isa = PBXResourcesBuildPhase;
			buildActionMask = 2147483647;
			files = (
			);
			runOnlyForDeploymentPostprocessing = 0;
		};
		B149034821A468D600285ED7 /* Resources */ = {
			isa = PBXResourcesBuildPhase;
			buildActionMask = 2147483647;
			files = (
			);
			runOnlyForDeploymentPostprocessing = 0;
		};
/* End PBXResourcesBuildPhase section */

/* Begin PBXSourcesBuildPhase section */
		B149032321A468D500285ED7 /* Sources */ = {
			isa = PBXSourcesBuildPhase;
			buildActionMask = 2147483647;
			files = (
				B149032F21A468D500285ED7 /* ViewController.m in Sources */,
				B149033A21A468D600285ED7 /* main.m in Sources */,
				B149032C21A468D500285ED7 /* AppDelegate.m in Sources */,
			);
			runOnlyForDeploymentPostprocessing = 0;
		};
		B149033B21A468D600285ED7 /* Sources */ = {
			isa = PBXSourcesBuildPhase;
			buildActionMask = 2147483647;
			files = (
				B149034421A468D600285ED7 /* ios_startup_guideTests.m in Sources */,
			);
			runOnlyForDeploymentPostprocessing = 0;
		};
		B149034621A468D600285ED7 /* Sources */ = {
			isa = PBXSourcesBuildPhase;
			buildActionMask = 2147483647;
			files = (
				B149034F21A468D600285ED7 /* ios_startup_guideUITests.m in Sources */,
			);
			runOnlyForDeploymentPostprocessing = 0;
		};
/* End PBXSourcesBuildPhase section */

/* Begin PBXTargetDependency section */
		B149034121A468D600285ED7 /* PBXTargetDependency */ = {
			isa = PBXTargetDependency;
			target = B149032621A468D500285ED7 /* ios-startup-guide */;
			targetProxy = B149034021A468D600285ED7 /* PBXContainerItemProxy */;
		};
		B149034C21A468D600285ED7 /* PBXTargetDependency */ = {
			isa = PBXTargetDependency;
			target = B149032621A468D500285ED7 /* ios-startup-guide */;
			targetProxy = B149034B21A468D600285ED7 /* PBXContainerItemProxy */;
		};
/* End PBXTargetDependency section */

/* Begin PBXVariantGroup section */
		B149033021A468D500285ED7 /* Main.storyboard */ = {
			isa = PBXVariantGroup;
			children = (
				B149033121A468D500285ED7 /* Base */,
			);
			name = Main.storyboard;
			sourceTree = "<group>";
		};
		B149033521A468D600285ED7 /* LaunchScreen.storyboard */ = {
			isa = PBXVariantGroup;
			children = (
				B149033621A468D600285ED7 /* Base */,
			);
			name = LaunchScreen.storyboard;
			sourceTree = "<group>";
		};
/* End PBXVariantGroup section */

/* Begin XCBuildConfiguration section */
		B149035121A468D600285ED7 /* Debug */ = {
			isa = XCBuildConfiguration;
			baseConfigurationReference = B149037521A47B9900285ED7 /* Global.xcconfig */;
			buildSettings = {
				ALWAYS_SEARCH_USER_PATHS = NO;
				CLANG_ANALYZER_NONNULL = YES;
				CLANG_ANALYZER_NUMBER_OBJECT_CONVERSION = YES_AGGRESSIVE;
				CLANG_CXX_LANGUAGE_STANDARD = "gnu++14";
				CLANG_CXX_LIBRARY = "libc++";
				CLANG_ENABLE_MODULES = YES;
				CLANG_ENABLE_OBJC_ARC = YES;
				CLANG_ENABLE_OBJC_WEAK = YES;
				CLANG_WARN_BLOCK_CAPTURE_AUTORELEASING = YES;
				CLANG_WARN_BOOL_CONVERSION = YES;
				CLANG_WARN_COMMA = YES;
				CLANG_WARN_CONSTANT_CONVERSION = YES;
				CLANG_WARN_DEPRECATED_OBJC_IMPLEMENTATIONS = YES;
				CLANG_WARN_DIRECT_OBJC_ISA_USAGE = YES_ERROR;
				CLANG_WARN_DOCUMENTATION_COMMENTS = YES;
				CLANG_WARN_EMPTY_BODY = YES;
				CLANG_WARN_ENUM_CONVERSION = YES;
				CLANG_WARN_INFINITE_RECURSION = YES;
				CLANG_WARN_INT_CONVERSION = YES;
				CLANG_WARN_NON_LITERAL_NULL_CONVERSION = YES;
				CLANG_WARN_OBJC_IMPLICIT_RETAIN_SELF = YES;
				CLANG_WARN_OBJC_LITERAL_CONVERSION = YES;
				CLANG_WARN_OBJC_ROOT_CLASS = YES_ERROR;
				CLANG_WARN_RANGE_LOOP_ANALYSIS = YES;
				CLANG_WARN_STRICT_PROTOTYPES = YES;
				CLANG_WARN_SUSPICIOUS_MOVE = YES;
				CLANG_WARN_UNGUARDED_AVAILABILITY = YES_AGGRESSIVE;
				CLANG_WARN_UNREACHABLE_CODE = YES;
				CLANG_WARN__DUPLICATE_METHOD_MATCH = YES;
				CODE_SIGN_IDENTITY = "iPhone Developer";
				COPY_PHASE_STRIP = NO;
				DEBUG_INFORMATION_FORMAT = dwarf;
				ENABLE_STRICT_OBJC_MSGSEND = YES;
				ENABLE_TESTABILITY = YES;
				GCC_C_LANGUAGE_STANDARD = gnu11;
				GCC_DYNAMIC_NO_PIC = NO;
				GCC_NO_COMMON_BLOCKS = YES;
				GCC_OPTIMIZATION_LEVEL = 0;
				GCC_PREPROCESSOR_DEFINITIONS = (
					"DEBUG=1",
					"$(inherited)",
				);
				GCC_WARN_64_TO_32_BIT_CONVERSION = YES;
				GCC_WARN_ABOUT_RETURN_TYPE = YES_ERROR;
				GCC_WARN_UNDECLARED_SELECTOR = YES;
				GCC_WARN_UNINITIALIZED_AUTOS = YES_AGGRESSIVE;
				GCC_WARN_UNUSED_FUNCTION = YES;
				GCC_WARN_UNUSED_VARIABLE = YES;
				IPHONEOS_DEPLOYMENT_TARGET = 12.1;
				MTL_ENABLE_DEBUG_INFO = INCLUDE_SOURCE;
				MTL_FAST_MATH = YES;
				ONLY_ACTIVE_ARCH = YES;
				SDKROOT = iphoneos;
			};
			name = Debug;
		};
		B149035221A468D600285ED7 /* Stage */ = {
			isa = XCBuildConfiguration;
			baseConfigurationReference = B149037521A47B9900285ED7 /* Global.xcconfig */;
			buildSettings = {
				ALWAYS_SEARCH_USER_PATHS = NO;
				CLANG_ANALYZER_NONNULL = YES;
				CLANG_ANALYZER_NUMBER_OBJECT_CONVERSION = YES_AGGRESSIVE;
				CLANG_CXX_LANGUAGE_STANDARD = "gnu++14";
				CLANG_CXX_LIBRARY = "libc++";
				CLANG_ENABLE_MODULES = YES;
				CLANG_ENABLE_OBJC_ARC = YES;
				CLANG_ENABLE_OBJC_WEAK = YES;
				CLANG_WARN_BLOCK_CAPTURE_AUTORELEASING = YES;
				CLANG_WARN_BOOL_CONVERSION = YES;
				CLANG_WARN_COMMA = YES;
				CLANG_WARN_CONSTANT_CONVERSION = YES;
				CLANG_WARN_DEPRECATED_OBJC_IMPLEMENTATIONS = YES;
				CLANG_WARN_DIRECT_OBJC_ISA_USAGE = YES_ERROR;
				CLANG_WARN_DOCUMENTATION_COMMENTS = YES;
				CLANG_WARN_EMPTY_BODY = YES;
				CLANG_WARN_ENUM_CONVERSION = YES;
				CLANG_WARN_INFINITE_RECURSION = YES;
				CLANG_WARN_INT_CONVERSION = YES;
				CLANG_WARN_NON_LITERAL_NULL_CONVERSION = YES;
				CLANG_WARN_OBJC_IMPLICIT_RETAIN_SELF = YES;
				CLANG_WARN_OBJC_LITERAL_CONVERSION = YES;
				CLANG_WARN_OBJC_ROOT_CLASS = YES_ERROR;
				CLANG_WARN_RANGE_LOOP_ANALYSIS = YES;
				CLANG_WARN_STRICT_PROTOTYPES = YES;
				CLANG_WARN_SUSPICIOUS_MOVE = YES;
				CLANG_WARN_UNGUARDED_AVAILABILITY = YES_AGGRESSIVE;
				CLANG_WARN_UNREACHABLE_CODE = YES;
				CLANG_WARN__DUPLICATE_METHOD_MATCH = YES;
				CODE_SIGN_IDENTITY = "iPhone Developer";
				COPY_PHASE_STRIP = NO;
				DEBUG_INFORMATION_FORMAT = "dwarf-with-dsym";
				ENABLE_NS_ASSERTIONS = NO;
				ENABLE_STRICT_OBJC_MSGSEND = YES;
				GCC_C_LANGUAGE_STANDARD = gnu11;
				GCC_NO_COMMON_BLOCKS = YES;
				GCC_WARN_64_TO_32_BIT_CONVERSION = YES;
				GCC_WARN_ABOUT_RETURN_TYPE = YES_ERROR;
				GCC_WARN_UNDECLARED_SELECTOR = YES;
				GCC_WARN_UNINITIALIZED_AUTOS = YES_AGGRESSIVE;
				GCC_WARN_UNUSED_FUNCTION = YES;
				GCC_WARN_UNUSED_VARIABLE = YES;
				IPHONEOS_DEPLOYMENT_TARGET = 12.1;
				MTL_ENABLE_DEBUG_INFO = NO;
				MTL_FAST_MATH = YES;
				SDKROOT = iphoneos;
				VALIDATE_PRODUCT = YES;
			};
			name = Stage;
		};
		B149035421A468D600285ED7 /* Debug */ = {
			isa = XCBuildConfiguration;
			baseConfigurationReference = B149037621A47BAB00285ED7 /* Debug.xcconfig */;
			buildSettings = {
				ASSETCATALOG_COMPILER_APPICON_NAME = AppIcon;
				CODE_SIGN_STYLE = Automatic;
				INFOPLIST_FILE = "ios-startup-guide/Info.plist";
				LD_RUNPATH_SEARCH_PATHS = (
					"$(inherited)",
					"@executable_path/Frameworks",
				);
				PRODUCT_BUNDLE_IDENTIFIER = "com.nicholashughes.ios-startup-guide";
				PRODUCT_NAME = "$(TARGET_NAME)";
				TARGETED_DEVICE_FAMILY = "1,2";
			};
			name = Debug;
		};
		B149035521A468D600285ED7 /* Stage */ = {
			isa = XCBuildConfiguration;
			baseConfigurationReference = B149037921A47BF400285ED7 /* Stage.xcconfig */;
			buildSettings = {
				ASSETCATALOG_COMPILER_APPICON_NAME = AppIcon;
				CODE_SIGN_STYLE = Automatic;
				INFOPLIST_FILE = "ios-startup-guide/Info.plist";
				LD_RUNPATH_SEARCH_PATHS = (
					"$(inherited)",
					"@executable_path/Frameworks",
				);
				PRODUCT_BUNDLE_IDENTIFIER = "com.nicholashughes.ios-startup-guide";
				PRODUCT_NAME = "$(TARGET_NAME)";
				TARGETED_DEVICE_FAMILY = "1,2";
			};
			name = Stage;
		};
		B149035721A468D600285ED7 /* Debug */ = {
			isa = XCBuildConfiguration;
			buildSettings = {
				BUNDLE_LOADER = "$(TEST_HOST)";
				CODE_SIGN_STYLE = Automatic;
				INFOPLIST_FILE = "ios-startup-guideTests/Info.plist";
				LD_RUNPATH_SEARCH_PATHS = (
					"$(inherited)",
					"@executable_path/Frameworks",
					"@loader_path/Frameworks",
				);
				PRODUCT_BUNDLE_IDENTIFIER = "com.nicholashughes.ios-startup-guideTests";
				PRODUCT_NAME = "$(TARGET_NAME)";
				TARGETED_DEVICE_FAMILY = "1,2";
				TEST_HOST = "$(BUILT_PRODUCTS_DIR)/ios-startup-guide.app/ios-startup-guide";
			};
			name = Debug;
		};
		B149035821A468D600285ED7 /* Stage */ = {
			isa = XCBuildConfiguration;
			buildSettings = {
				BUNDLE_LOADER = "$(TEST_HOST)";
				CODE_SIGN_STYLE = Automatic;
				INFOPLIST_FILE = "ios-startup-guideTests/Info.plist";
				LD_RUNPATH_SEARCH_PATHS = (
					"$(inherited)",
					"@executable_path/Frameworks",
					"@loader_path/Frameworks",
				);
				PRODUCT_BUNDLE_IDENTIFIER = "com.nicholashughes.ios-startup-guideTests";
				PRODUCT_NAME = "$(TARGET_NAME)";
				TARGETED_DEVICE_FAMILY = "1,2";
				TEST_HOST = "$(BUILT_PRODUCTS_DIR)/ios-startup-guide.app/ios-startup-guide";
			};
			name = Stage;
		};
		B149035A21A468D600285ED7 /* Debug */ = {
			isa = XCBuildConfiguration;
			buildSettings = {
				CODE_SIGN_STYLE = Automatic;
				INFOPLIST_FILE = "ios-startup-guideUITests/Info.plist";
				LD_RUNPATH_SEARCH_PATHS = (
					"$(inherited)",
					"@executable_path/Frameworks",
					"@loader_path/Frameworks",
				);
				PRODUCT_BUNDLE_IDENTIFIER = "com.nicholashughes.ios-startup-guideUITests";
				PRODUCT_NAME = "$(TARGET_NAME)";
				TARGETED_DEVICE_FAMILY = "1,2";
				TEST_TARGET_NAME = "ios-startup-guide";
			};
			name = Debug;
		};
		B149035B21A468D600285ED7 /* Stage */ = {
			isa = XCBuildConfiguration;
			buildSettings = {
				CODE_SIGN_STYLE = Automatic;
				INFOPLIST_FILE = "ios-startup-guideUITests/Info.plist";
				LD_RUNPATH_SEARCH_PATHS = (
					"$(inherited)",
					"@executable_path/Frameworks",
					"@loader_path/Frameworks",
				);
				PRODUCT_BUNDLE_IDENTIFIER = "com.nicholashughes.ios-startup-guideUITests";
				PRODUCT_NAME = "$(TARGET_NAME)";
				TARGETED_DEVICE_FAMILY = "1,2";
				TEST_TARGET_NAME = "ios-startup-guide";
			};
			name = Stage;
		};
		B149036C21A474FD00285ED7 /* Test */ = {
			isa = XCBuildConfiguration;
			baseConfigurationReference = B149037521A47B9900285ED7 /* Global.xcconfig */;
			buildSettings = {
				ALWAYS_SEARCH_USER_PATHS = NO;
				CLANG_ANALYZER_NONNULL = YES;
				CLANG_ANALYZER_NUMBER_OBJECT_CONVERSION = YES_AGGRESSIVE;
				CLANG_CXX_LANGUAGE_STANDARD = "gnu++14";
				CLANG_CXX_LIBRARY = "libc++";
				CLANG_ENABLE_MODULES = YES;
				CLANG_ENABLE_OBJC_ARC = YES;
				CLANG_ENABLE_OBJC_WEAK = YES;
				CLANG_WARN_BLOCK_CAPTURE_AUTORELEASING = YES;
				CLANG_WARN_BOOL_CONVERSION = YES;
				CLANG_WARN_COMMA = YES;
				CLANG_WARN_CONSTANT_CONVERSION = YES;
				CLANG_WARN_DEPRECATED_OBJC_IMPLEMENTATIONS = YES;
				CLANG_WARN_DIRECT_OBJC_ISA_USAGE = YES_ERROR;
				CLANG_WARN_DOCUMENTATION_COMMENTS = YES;
				CLANG_WARN_EMPTY_BODY = YES;
				CLANG_WARN_ENUM_CONVERSION = YES;
				CLANG_WARN_INFINITE_RECURSION = YES;
				CLANG_WARN_INT_CONVERSION = YES;
				CLANG_WARN_NON_LITERAL_NULL_CONVERSION = YES;
				CLANG_WARN_OBJC_IMPLICIT_RETAIN_SELF = YES;
				CLANG_WARN_OBJC_LITERAL_CONVERSION = YES;
				CLANG_WARN_OBJC_ROOT_CLASS = YES_ERROR;
				CLANG_WARN_RANGE_LOOP_ANALYSIS = YES;
				CLANG_WARN_STRICT_PROTOTYPES = YES;
				CLANG_WARN_SUSPICIOUS_MOVE = YES;
				CLANG_WARN_UNGUARDED_AVAILABILITY = YES_AGGRESSIVE;
				CLANG_WARN_UNREACHABLE_CODE = YES;
				CLANG_WARN__DUPLICATE_METHOD_MATCH = YES;
				CODE_SIGN_IDENTITY = "iPhone Developer";
				COPY_PHASE_STRIP = NO;
				DEBUG_INFORMATION_FORMAT = dwarf;
				ENABLE_STRICT_OBJC_MSGSEND = YES;
				ENABLE_TESTABILITY = YES;
				GCC_C_LANGUAGE_STANDARD = gnu11;
				GCC_DYNAMIC_NO_PIC = NO;
				GCC_NO_COMMON_BLOCKS = YES;
				GCC_OPTIMIZATION_LEVEL = 0;
				GCC_PREPROCESSOR_DEFINITIONS = (
					"DEBUG=1",
					"$(inherited)",
				);
				GCC_WARN_64_TO_32_BIT_CONVERSION = YES;
				GCC_WARN_ABOUT_RETURN_TYPE = YES_ERROR;
				GCC_WARN_UNDECLARED_SELECTOR = YES;
				GCC_WARN_UNINITIALIZED_AUTOS = YES_AGGRESSIVE;
				GCC_WARN_UNUSED_FUNCTION = YES;
				GCC_WARN_UNUSED_VARIABLE = YES;
				IPHONEOS_DEPLOYMENT_TARGET = 12.1;
				MTL_ENABLE_DEBUG_INFO = INCLUDE_SOURCE;
				MTL_FAST_MATH = YES;
				ONLY_ACTIVE_ARCH = YES;
				SDKROOT = iphoneos;
			};
			name = Test;
		};
		B149036D21A474FD00285ED7 /* Test */ = {
			isa = XCBuildConfiguration;
			baseConfigurationReference = B149037721A47BBB00285ED7 /* Test.xcconfig */;
			buildSettings = {
				ASSETCATALOG_COMPILER_APPICON_NAME = AppIcon;
				CODE_SIGN_STYLE = Automatic;
				INFOPLIST_FILE = "ios-startup-guide/Info.plist";
				LD_RUNPATH_SEARCH_PATHS = (
					"$(inherited)",
					"@executable_path/Frameworks",
				);
				PRODUCT_BUNDLE_IDENTIFIER = "com.nicholashughes.ios-startup-guide";
				PRODUCT_NAME = "$(TARGET_NAME)";
				TARGETED_DEVICE_FAMILY = "1,2";
			};
			name = Test;
		};
		B149036E21A474FD00285ED7 /* Test */ = {
			isa = XCBuildConfiguration;
			buildSettings = {
				BUNDLE_LOADER = "$(TEST_HOST)";
				CODE_SIGN_STYLE = Automatic;
				INFOPLIST_FILE = "ios-startup-guideTests/Info.plist";
				LD_RUNPATH_SEARCH_PATHS = (
					"$(inherited)",
					"@executable_path/Frameworks",
					"@loader_path/Frameworks",
				);
				PRODUCT_BUNDLE_IDENTIFIER = "com.nicholashughes.ios-startup-guideTests";
				PRODUCT_NAME = "$(TARGET_NAME)";
				TARGETED_DEVICE_FAMILY = "1,2";
				TEST_HOST = "$(BUILT_PRODUCTS_DIR)/ios-startup-guide.app/ios-startup-guide";
			};
			name = Test;
		};
		B149036F21A474FD00285ED7 /* Test */ = {
			isa = XCBuildConfiguration;
			buildSettings = {
				CODE_SIGN_STYLE = Automatic;
				INFOPLIST_FILE = "ios-startup-guideUITests/Info.plist";
				LD_RUNPATH_SEARCH_PATHS = (
					"$(inherited)",
					"@executable_path/Frameworks",
					"@loader_path/Frameworks",
				);
				PRODUCT_BUNDLE_IDENTIFIER = "com.nicholashughes.ios-startup-guideUITests";
				PRODUCT_NAME = "$(TARGET_NAME)";
				TARGETED_DEVICE_FAMILY = "1,2";
				TEST_TARGET_NAME = "ios-startup-guide";
			};
			name = Test;
		};
		B149037021A4762600285ED7 /* Release */ = {
			isa = XCBuildConfiguration;
			baseConfigurationReference = B149037521A47B9900285ED7 /* Global.xcconfig */;
			buildSettings = {
				ALWAYS_SEARCH_USER_PATHS = NO;
				CLANG_ANALYZER_NONNULL = YES;
				CLANG_ANALYZER_NUMBER_OBJECT_CONVERSION = YES_AGGRESSIVE;
				CLANG_CXX_LANGUAGE_STANDARD = "gnu++14";
				CLANG_CXX_LIBRARY = "libc++";
				CLANG_ENABLE_MODULES = YES;
				CLANG_ENABLE_OBJC_ARC = YES;
				CLANG_ENABLE_OBJC_WEAK = YES;
				CLANG_WARN_BLOCK_CAPTURE_AUTORELEASING = YES;
				CLANG_WARN_BOOL_CONVERSION = YES;
				CLANG_WARN_COMMA = YES;
				CLANG_WARN_CONSTANT_CONVERSION = YES;
				CLANG_WARN_DEPRECATED_OBJC_IMPLEMENTATIONS = YES;
				CLANG_WARN_DIRECT_OBJC_ISA_USAGE = YES_ERROR;
				CLANG_WARN_DOCUMENTATION_COMMENTS = YES;
				CLANG_WARN_EMPTY_BODY = YES;
				CLANG_WARN_ENUM_CONVERSION = YES;
				CLANG_WARN_INFINITE_RECURSION = YES;
				CLANG_WARN_INT_CONVERSION = YES;
				CLANG_WARN_NON_LITERAL_NULL_CONVERSION = YES;
				CLANG_WARN_OBJC_IMPLICIT_RETAIN_SELF = YES;
				CLANG_WARN_OBJC_LITERAL_CONVERSION = YES;
				CLANG_WARN_OBJC_ROOT_CLASS = YES_ERROR;
				CLANG_WARN_RANGE_LOOP_ANALYSIS = YES;
				CLANG_WARN_STRICT_PROTOTYPES = YES;
				CLANG_WARN_SUSPICIOUS_MOVE = YES;
				CLANG_WARN_UNGUARDED_AVAILABILITY = YES_AGGRESSIVE;
				CLANG_WARN_UNREACHABLE_CODE = YES;
				CLANG_WARN__DUPLICATE_METHOD_MATCH = YES;
				CODE_SIGN_IDENTITY = "iPhone Developer";
				COPY_PHASE_STRIP = NO;
				DEBUG_INFORMATION_FORMAT = "dwarf-with-dsym";
				ENABLE_NS_ASSERTIONS = NO;
				ENABLE_STRICT_OBJC_MSGSEND = YES;
				GCC_C_LANGUAGE_STANDARD = gnu11;
				GCC_NO_COMMON_BLOCKS = YES;
				GCC_WARN_64_TO_32_BIT_CONVERSION = YES;
				GCC_WARN_ABOUT_RETURN_TYPE = YES_ERROR;
				GCC_WARN_UNDECLARED_SELECTOR = YES;
				GCC_WARN_UNINITIALIZED_AUTOS = YES_AGGRESSIVE;
				GCC_WARN_UNUSED_FUNCTION = YES;
				GCC_WARN_UNUSED_VARIABLE = YES;
				IPHONEOS_DEPLOYMENT_TARGET = 12.1;
				MTL_ENABLE_DEBUG_INFO = NO;
				MTL_FAST_MATH = YES;
				SDKROOT = iphoneos;
				VALIDATE_PRODUCT = YES;
			};
			name = Release;
		};
		B149037121A4762600285ED7 /* Release */ = {
			isa = XCBuildConfiguration;
			baseConfigurationReference = B149037A21A47BFE00285ED7 /* Release.xcconfig */;
			buildSettings = {
				ASSETCATALOG_COMPILER_APPICON_NAME = AppIcon;
				CODE_SIGN_STYLE = Automatic;
				INFOPLIST_FILE = "ios-startup-guide/Info.plist";
				LD_RUNPATH_SEARCH_PATHS = (
					"$(inherited)",
					"@executable_path/Frameworks",
				);
				PRODUCT_BUNDLE_IDENTIFIER = "com.nicholashughes.ios-startup-guide";
				PRODUCT_NAME = "$(TARGET_NAME)";
				TARGETED_DEVICE_FAMILY = "1,2";
			};
			name = Release;
		};
		B149037221A4762600285ED7 /* Release */ = {
			isa = XCBuildConfiguration;
			buildSettings = {
				BUNDLE_LOADER = "$(TEST_HOST)";
				CODE_SIGN_STYLE = Automatic;
				INFOPLIST_FILE = "ios-startup-guideTests/Info.plist";
				LD_RUNPATH_SEARCH_PATHS = (
					"$(inherited)",
					"@executable_path/Frameworks",
					"@loader_path/Frameworks",
				);
				PRODUCT_BUNDLE_IDENTIFIER = "com.nicholashughes.ios-startup-guideTests";
				PRODUCT_NAME = "$(TARGET_NAME)";
				TARGETED_DEVICE_FAMILY = "1,2";
				TEST_HOST = "$(BUILT_PRODUCTS_DIR)/ios-startup-guide.app/ios-startup-guide";
			};
			name = Release;
		};
		B149037321A4762600285ED7 /* Release */ = {
			isa = XCBuildConfiguration;
			buildSettings = {
				CODE_SIGN_STYLE = Automatic;
				INFOPLIST_FILE = "ios-startup-guideUITests/Info.plist";
				LD_RUNPATH_SEARCH_PATHS = (
					"$(inherited)",
					"@executable_path/Frameworks",
					"@loader_path/Frameworks",
				);
				PRODUCT_BUNDLE_IDENTIFIER = "com.nicholashughes.ios-startup-guideUITests";
				PRODUCT_NAME = "$(TARGET_NAME)";
				TARGETED_DEVICE_FAMILY = "1,2";
				TEST_TARGET_NAME = "ios-startup-guide";
			};
			name = Release;
		};
/* End XCBuildConfiguration section */

/* Begin XCConfigurationList section */
		B149032221A468D500285ED7 /* Build configuration list for PBXProject "ios-startup-guide" */ = {
			isa = XCConfigurationList;
			buildConfigurations = (
				B149035121A468D600285ED7 /* Debug */,
				B149036C21A474FD00285ED7 /* Test */,
				B149035221A468D600285ED7 /* Stage */,
				B149037021A4762600285ED7 /* Release */,
			);
			defaultConfigurationIsVisible = 0;
			defaultConfigurationName = Release;
		};
		B149035321A468D600285ED7 /* Build configuration list for PBXNativeTarget "ios-startup-guide" */ = {
			isa = XCConfigurationList;
			buildConfigurations = (
				B149035421A468D600285ED7 /* Debug */,
				B149036D21A474FD00285ED7 /* Test */,
				B149035521A468D600285ED7 /* Stage */,
				B149037121A4762600285ED7 /* Release */,
			);
			defaultConfigurationIsVisible = 0;
			defaultConfigurationName = Release;
		};
		B149035621A468D600285ED7 /* Build configuration list for PBXNativeTarget "ios-startup-guideTests" */ = {
			isa = XCConfigurationList;
			buildConfigurations = (
				B149035721A468D600285ED7 /* Debug */,
				B149036E21A474FD00285ED7 /* Test */,
				B149035821A468D600285ED7 /* Stage */,
				B149037221A4762600285ED7 /* Release */,
			);
			defaultConfigurationIsVisible = 0;
			defaultConfigurationName = Release;
		};
		B149035921A468D600285ED7 /* Build configuration list for PBXNativeTarget "ios-startup-guideUITests" */ = {
			isa = XCConfigurationList;
			buildConfigurations = (
				B149035A21A468D600285ED7 /* Debug */,
				B149036F21A474FD00285ED7 /* Test */,
				B149035B21A468D600285ED7 /* Stage */,
				B149037321A4762600285ED7 /* Release */,
			);
			defaultConfigurationIsVisible = 0;
			defaultConfigurationName = Release;
		};
/* End XCConfigurationList section */
	};
	rootObject = B149031F21A468D500285ED7 /* Project object */;
}
